// !$*UTF8*$!
{
	archiveVersion = 1;
	classes = {
	};
	objectVersion = 50;
	objects = {

/* Begin PBXBuildFile section */
		B526DEB523CDE5B100BF8E91 /* AppDelegate.swift in Sources */ = {isa = PBXBuildFile; fileRef = B526DEB423CDE5B100BF8E91 /* AppDelegate.swift */; };
		B526DEB723CDE5B100BF8E91 /* SceneDelegate.swift in Sources */ = {isa = PBXBuildFile; fileRef = B526DEB623CDE5B100BF8E91 /* SceneDelegate.swift */; };
		B526DEBC23CDE5B100BF8E91 /* Main.storyboard in Resources */ = {isa = PBXBuildFile; fileRef = B526DEBA23CDE5B100BF8E91 /* Main.storyboard */; };
		B526DEBE23CDE5BB00BF8E91 /* Assets.xcassets in Resources */ = {isa = PBXBuildFile; fileRef = B526DEBD23CDE5BB00BF8E91 /* Assets.xcassets */; };
		B526DEC123CDE5BB00BF8E91 /* LaunchScreen.storyboard in Resources */ = {isa = PBXBuildFile; fileRef = B526DEBF23CDE5BB00BF8E91 /* LaunchScreen.storyboard */; };
		B526DECA23CDE6F100BF8E91 /* PrepareViewController.swift in Sources */ = {isa = PBXBuildFile; fileRef = B526DEC923CDE6F100BF8E91 /* PrepareViewController.swift */; };
		B526DECC23CDE6FF00BF8E91 /* PaintViewController.swift in Sources */ = {isa = PBXBuildFile; fileRef = B526DECB23CDE6FF00BF8E91 /* PaintViewController.swift */; };
		B526DECE23CDE70B00BF8E91 /* Paint2ViewController.swift in Sources */ = {isa = PBXBuildFile; fileRef = B526DECD23CDE70B00BF8E91 /* Paint2ViewController.swift */; };
		B526DED023CDE71F00BF8E91 /* Paint3ViewController.swift in Sources */ = {isa = PBXBuildFile; fileRef = B526DECF23CDE71F00BF8E91 /* Paint3ViewController.swift */; };
		B526DED223CDE72700BF8E91 /* Paint4ViewController.swift in Sources */ = {isa = PBXBuildFile; fileRef = B526DED123CDE72700BF8E91 /* Paint4ViewController.swift */; };
		B526DED423CDE73500BF8E91 /* MainViewController.swift in Sources */ = {isa = PBXBuildFile; fileRef = B526DED323CDE73500BF8E91 /* MainViewController.swift */; };
		B526DED623CDE74600BF8E91 /* ShareViewController.swift in Sources */ = {isa = PBXBuildFile; fileRef = B526DED523CDE74600BF8E91 /* ShareViewController.swift */; };
		B526DEDA23CE1A6600BF8E91 /* Canvas.swift in Sources */ = {isa = PBXBuildFile; fileRef = B526DED923CE1A6500BF8E91 /* Canvas.swift */; };
		B526DEDE23CE4E0400BF8E91 /* ExampleViewController.swift in Sources */ = {isa = PBXBuildFile; fileRef = B526DEDD23CE4E0400BF8E91 /* ExampleViewController.swift */; };
/* End PBXBuildFile section */

/* Begin PBXFileReference section */
		B526DEB123CDE5B000BF8E91 /* Make4Comic.app */ = {isa = PBXFileReference; explicitFileType = wrapper.application; includeInIndex = 0; path = Make4Comic.app; sourceTree = BUILT_PRODUCTS_DIR; };
		B526DEB423CDE5B100BF8E91 /* AppDelegate.swift */ = {isa = PBXFileReference; lastKnownFileType = sourcecode.swift; path = AppDelegate.swift; sourceTree = "<group>"; };
		B526DEB623CDE5B100BF8E91 /* SceneDelegate.swift */ = {isa = PBXFileReference; lastKnownFileType = sourcecode.swift; path = SceneDelegate.swift; sourceTree = "<group>"; };
		B526DEBB23CDE5B100BF8E91 /* Base */ = {isa = PBXFileReference; lastKnownFileType = file.storyboard; name = Base; path = Base.lproj/Main.storyboard; sourceTree = "<group>"; };
		B526DEBD23CDE5BB00BF8E91 /* Assets.xcassets */ = {isa = PBXFileReference; lastKnownFileType = folder.assetcatalog; path = Assets.xcassets; sourceTree = "<group>"; };
		B526DEC023CDE5BB00BF8E91 /* Base */ = {isa = PBXFileReference; lastKnownFileType = file.storyboard; name = Base; path = Base.lproj/LaunchScreen.storyboard; sourceTree = "<group>"; };
		B526DEC223CDE5BB00BF8E91 /* Info.plist */ = {isa = PBXFileReference; lastKnownFileType = text.plist.xml; path = Info.plist; sourceTree = "<group>"; };
		B526DEC923CDE6F100BF8E91 /* PrepareViewController.swift */ = {isa = PBXFileReference; lastKnownFileType = sourcecode.swift; path = PrepareViewController.swift; sourceTree = "<group>"; };
		B526DECB23CDE6FF00BF8E91 /* PaintViewController.swift */ = {isa = PBXFileReference; lastKnownFileType = sourcecode.swift; path = PaintViewController.swift; sourceTree = "<group>"; };
		B526DECD23CDE70B00BF8E91 /* Paint2ViewController.swift */ = {isa = PBXFileReference; lastKnownFileType = sourcecode.swift; path = Paint2ViewController.swift; sourceTree = "<group>"; };
		B526DECF23CDE71F00BF8E91 /* Paint3ViewController.swift */ = {isa = PBXFileReference; lastKnownFileType = sourcecode.swift; path = Paint3ViewController.swift; sourceTree = "<group>"; };
		B526DED123CDE72700BF8E91 /* Paint4ViewController.swift */ = {isa = PBXFileReference; lastKnownFileType = sourcecode.swift; path = Paint4ViewController.swift; sourceTree = "<group>"; };
		B526DED323CDE73500BF8E91 /* MainViewController.swift */ = {isa = PBXFileReference; lastKnownFileType = sourcecode.swift; path = MainViewController.swift; sourceTree = "<group>"; };
		B526DED523CDE74600BF8E91 /* ShareViewController.swift */ = {isa = PBXFileReference; lastKnownFileType = sourcecode.swift; path = ShareViewController.swift; sourceTree = "<group>"; };
		B526DED923CE1A6500BF8E91 /* Canvas.swift */ = {isa = PBXFileReference; lastKnownFileType = sourcecode.swift; path = Canvas.swift; sourceTree = "<group>"; };
		B526DEDD23CE4E0400BF8E91 /* ExampleViewController.swift */ = {isa = PBXFileReference; lastKnownFileType = sourcecode.swift; path = ExampleViewController.swift; sourceTree = "<group>"; };
/* End PBXFileReference section */

/* Begin PBXFrameworksBuildPhase section */
		B526DEAE23CDE5B000BF8E91 /* Frameworks */ = {
			isa = PBXFrameworksBuildPhase;
			buildActionMask = 2147483647;
			files = (
			);
			runOnlyForDeploymentPostprocessing = 0;
		};
/* End PBXFrameworksBuildPhase section */

/* Begin PBXGroup section */
		B526DEA823CDE5B000BF8E91 = {
			isa = PBXGroup;
			children = (
				B526DEB323CDE5B100BF8E91 /* Make4Comic */,
				B526DEB223CDE5B000BF8E91 /* Products */,
			);
			sourceTree = "<group>";
		};
		B526DEB223CDE5B000BF8E91 /* Products */ = {
			isa = PBXGroup;
			children = (
				B526DEB123CDE5B000BF8E91 /* Make4Comic.app */,
			);
			name = Products;
			sourceTree = "<group>";
		};
		B526DEB323CDE5B100BF8E91 /* Make4Comic */ = {
			isa = PBXGroup;
			children = (
				B526DED823CE1A2400BF8E91 /* Objects */,
				B526DEC823CDE6D300BF8E91 /* Controllers */,
				B526DEB423CDE5B100BF8E91 /* AppDelegate.swift */,
				B526DEB623CDE5B100BF8E91 /* SceneDelegate.swift */,
				B526DEBA23CDE5B100BF8E91 /* Main.storyboard */,
				B526DEBD23CDE5BB00BF8E91 /* Assets.xcassets */,
				B526DEBF23CDE5BB00BF8E91 /* LaunchScreen.storyboard */,
				B526DEC223CDE5BB00BF8E91 /* Info.plist */,
			);
			path = Make4Comic;
			sourceTree = "<group>";
		};
		B526DEC823CDE6D300BF8E91 /* Controllers */ = {
			isa = PBXGroup;
			children = (
				B526DED323CDE73500BF8E91 /* MainViewController.swift */,
				B526DEC923CDE6F100BF8E91 /* PrepareViewController.swift */,
				B526DECB23CDE6FF00BF8E91 /* PaintViewController.swift */,
				B526DECD23CDE70B00BF8E91 /* Paint2ViewController.swift */,
				B526DECF23CDE71F00BF8E91 /* Paint3ViewController.swift */,
				B526DED123CDE72700BF8E91 /* Paint4ViewController.swift */,
				B526DED523CDE74600BF8E91 /* ShareViewController.swift */,
				B526DEDD23CE4E0400BF8E91 /* ExampleViewController.swift */,
			);
			path = Controllers;
			sourceTree = "<group>";
		};
		B526DED823CE1A2400BF8E91 /* Objects */ = {
			isa = PBXGroup;
			children = (
				B526DED923CE1A6500BF8E91 /* Canvas.swift */,
			);
			path = Objects;
			sourceTree = "<group>";
		};
/* End PBXGroup section */

/* Begin PBXNativeTarget section */
		B526DEB023CDE5B000BF8E91 /* Make4Comic */ = {
			isa = PBXNativeTarget;
			buildConfigurationList = B526DEC523CDE5BB00BF8E91 /* Build configuration list for PBXNativeTarget "Make4Comic" */;
			buildPhases = (
				B526DEAD23CDE5B000BF8E91 /* Sources */,
				B526DEAE23CDE5B000BF8E91 /* Frameworks */,
				B526DEAF23CDE5B000BF8E91 /* Resources */,
			);
			buildRules = (
			);
			dependencies = (
			);
			name = Make4Comic;
			productName = Make4Comic;
			productReference = B526DEB123CDE5B000BF8E91 /* Make4Comic.app */;
			productType = "com.apple.product-type.application";
		};
/* End PBXNativeTarget section */

/* Begin PBXProject section */
		B526DEA923CDE5B000BF8E91 /* Project object */ = {
			isa = PBXProject;
			attributes = {
				LastSwiftUpdateCheck = 1120;
				LastUpgradeCheck = 1120;
				ORGANIZATIONNAME = geshi;
				TargetAttributes = {
					B526DEB023CDE5B000BF8E91 = {
						CreatedOnToolsVersion = 11.2;
					};
				};
			};
			buildConfigurationList = B526DEAC23CDE5B000BF8E91 /* Build configuration list for PBXProject "Make4Comic" */;
			compatibilityVersion = "Xcode 9.3";
			developmentRegion = en;
			hasScannedForEncodings = 0;
			knownRegions = (
				en,
				Base,
			);
			mainGroup = B526DEA823CDE5B000BF8E91;
			productRefGroup = B526DEB223CDE5B000BF8E91 /* Products */;
			projectDirPath = "";
			projectRoot = "";
			targets = (
				B526DEB023CDE5B000BF8E91 /* Make4Comic */,
			);
		};
/* End PBXProject section */

/* Begin PBXResourcesBuildPhase section */
		B526DEAF23CDE5B000BF8E91 /* Resources */ = {
			isa = PBXResourcesBuildPhase;
			buildActionMask = 2147483647;
			files = (
				B526DEC123CDE5BB00BF8E91 /* LaunchScreen.storyboard in Resources */,
				B526DEBE23CDE5BB00BF8E91 /* Assets.xcassets in Resources */,
				B526DEBC23CDE5B100BF8E91 /* Main.storyboard in Resources */,
			);
			runOnlyForDeploymentPostprocessing = 0;
		};
/* End PBXResourcesBuildPhase section */

/* Begin PBXSourcesBuildPhase section */
		B526DEAD23CDE5B000BF8E91 /* Sources */ = {
			isa = PBXSourcesBuildPhase;
			buildActionMask = 2147483647;
			files = (
				B526DEDE23CE4E0400BF8E91 /* ExampleViewController.swift in Sources */,
				B526DECA23CDE6F100BF8E91 /* PrepareViewController.swift in Sources */,
				B526DED623CDE74600BF8E91 /* ShareViewController.swift in Sources */,
				B526DEB523CDE5B100BF8E91 /* AppDelegate.swift in Sources */,
				B526DEDA23CE1A6600BF8E91 /* Canvas.swift in Sources */,
				B526DED023CDE71F00BF8E91 /* Paint3ViewController.swift in Sources */,
				B526DED223CDE72700BF8E91 /* Paint4ViewController.swift in Sources */,
				B526DEB723CDE5B100BF8E91 /* SceneDelegate.swift in Sources */,
				B526DED423CDE73500BF8E91 /* MainViewController.swift in Sources */,
				B526DECE23CDE70B00BF8E91 /* Paint2ViewController.swift in Sources */,
				B526DECC23CDE6FF00BF8E91 /* PaintViewController.swift in Sources */,
			);
			runOnlyForDeploymentPostprocessing = 0;
		};
/* End PBXSourcesBuildPhase section */

/* Begin PBXVariantGroup section */
		B526DEBA23CDE5B100BF8E91 /* Main.storyboard */ = {
			isa = PBXVariantGroup;
			children = (
				B526DEBB23CDE5B100BF8E91 /* Base */,
			);
			name = Main.storyboard;
			sourceTree = "<group>";
		};
		B526DEBF23CDE5BB00BF8E91 /* LaunchScreen.storyboard */ = {
			isa = PBXVariantGroup;
			children = (
				B526DEC023CDE5BB00BF8E91 /* Base */,
			);
			name = LaunchScreen.storyboard;
			sourceTree = "<group>";
		};
/* End PBXVariantGroup section */

/* Begin XCBuildConfiguration section */
		B526DEC323CDE5BB00BF8E91 /* Debug */ = {
			isa = XCBuildConfiguration;
			buildSettings = {
				ALWAYS_SEARCH_USER_PATHS = NO;
				CLANG_ANALYZER_NONNULL = YES;
				CLANG_ANALYZER_NUMBER_OBJECT_CONVERSION = YES_AGGRESSIVE;
				CLANG_CXX_LANGUAGE_STANDARD = "gnu++14";
				CLANG_CXX_LIBRARY = "libc++";
				CLANG_ENABLE_MODULES = YES;
				CLANG_ENABLE_OBJC_ARC = YES;
				CLANG_ENABLE_OBJC_WEAK = YES;
				CLANG_WARN_BLOCK_CAPTURE_AUTORELEASING = YES;
				CLANG_WARN_BOOL_CONVERSION = YES;
				CLANG_WARN_COMMA = YES;
				CLANG_WARN_CONSTANT_CONVERSION = YES;
				CLANG_WARN_DEPRECATED_OBJC_IMPLEMENTATIONS = YES;
				CLANG_WARN_DIRECT_OBJC_ISA_USAGE = YES_ERROR;
				CLANG_WARN_DOCUMENTATION_COMMENTS = YES;
				CLANG_WARN_EMPTY_BODY = YES;
				CLANG_WARN_ENUM_CONVERSION = YES;
				CLANG_WARN_INFINITE_RECURSION = YES;
				CLANG_WARN_INT_CONVERSION = YES;
				CLANG_WARN_NON_LITERAL_NULL_CONVERSION = YES;
				CLANG_WARN_OBJC_IMPLICIT_RETAIN_SELF = YES;
				CLANG_WARN_OBJC_LITERAL_CONVERSION = YES;
				CLANG_WARN_OBJC_ROOT_CLASS = YES_ERROR;
				CLANG_WARN_RANGE_LOOP_ANALYSIS = YES;
				CLANG_WARN_STRICT_PROTOTYPES = YES;
				CLANG_WARN_SUSPICIOUS_MOVE = YES;
				CLANG_WARN_UNGUARDED_AVAILABILITY = YES_AGGRESSIVE;
				CLANG_WARN_UNREACHABLE_CODE = YES;
				CLANG_WARN__DUPLICATE_METHOD_MATCH = YES;
				COPY_PHASE_STRIP = NO;
				DEBUG_INFORMATION_FORMAT = dwarf;
				ENABLE_STRICT_OBJC_MSGSEND = YES;
				ENABLE_TESTABILITY = YES;
				GCC_C_LANGUAGE_STANDARD = gnu11;
				GCC_DYNAMIC_NO_PIC = NO;
				GCC_NO_COMMON_BLOCKS = YES;
				GCC_OPTIMIZATION_LEVEL = 0;
				GCC_PREPROCESSOR_DEFINITIONS = (
					"DEBUG=1",
					"$(inherited)",
				);
				GCC_WARN_64_TO_32_BIT_CONVERSION = YES;
				GCC_WARN_ABOUT_RETURN_TYPE = YES_ERROR;
				GCC_WARN_UNDECLARED_SELECTOR = YES;
				GCC_WARN_UNINITIALIZED_AUTOS = YES_AGGRESSIVE;
				GCC_WARN_UNUSED_FUNCTION = YES;
				GCC_WARN_UNUSED_VARIABLE = YES;
				IPHONEOS_DEPLOYMENT_TARGET = 13.2;
				MTL_ENABLE_DEBUG_INFO = INCLUDE_SOURCE;
				MTL_FAST_MATH = YES;
				ONLY_ACTIVE_ARCH = YES;
				SDKROOT = iphoneos;
				SWIFT_ACTIVE_COMPILATION_CONDITIONS = DEBUG;
				SWIFT_OPTIMIZATION_LEVEL = "-Onone";
			};
			name = Debug;
		};
		B526DEC423CDE5BB00BF8E91 /* Release */ = {
			isa = XCBuildConfiguration;
			buildSettings = {
				ALWAYS_SEARCH_USER_PATHS = NO;
				CLANG_ANALYZER_NONNULL = YES;
				CLANG_ANALYZER_NUMBER_OBJECT_CONVERSION = YES_AGGRESSIVE;
				CLANG_CXX_LANGUAGE_STANDARD = "gnu++14";
				CLANG_CXX_LIBRARY = "libc++";
				CLANG_ENABLE_MODULES = YES;
				CLANG_ENABLE_OBJC_ARC = YES;
				CLANG_ENABLE_OBJC_WEAK = YES;
				CLANG_WARN_BLOCK_CAPTURE_AUTORELEASING = YES;
				CLANG_WARN_BOOL_CONVERSION = YES;
				CLANG_WARN_COMMA = YES;
				CLANG_WARN_CONSTANT_CONVERSION = YES;
				CLANG_WARN_DEPRECATED_OBJC_IMPLEMENTATIONS = YES;
				CLANG_WARN_DIRECT_OBJC_ISA_USAGE = YES_ERROR;
				CLANG_WARN_DOCUMENTATION_COMMENTS = YES;
				CLANG_WARN_EMPTY_BODY = YES;
				CLANG_WARN_ENUM_CONVERSION = YES;
				CLANG_WARN_INFINITE_RECURSION = YES;
				CLANG_WARN_INT_CONVERSION = YES;
				CLANG_WARN_NON_LITERAL_NULL_CONVERSION = YES;
				CLANG_WARN_OBJC_IMPLICIT_RETAIN_SELF = YES;
				CLANG_WARN_OBJC_LITERAL_CONVERSION = YES;
				CLANG_WARN_OBJC_ROOT_CLASS = YES_ERROR;
				CLANG_WARN_RANGE_LOOP_ANALYSIS = YES;
				CLANG_WARN_STRICT_PROTOTYPES = YES;
				CLANG_WARN_SUSPICIOUS_MOVE = YES;
				CLANG_WARN_UNGUARDED_AVAILABILITY = YES_AGGRESSIVE;
				CLANG_WARN_UNREACHABLE_CODE = YES;
				CLANG_WARN__DUPLICATE_METHOD_MATCH = YES;
				COPY_PHASE_STRIP = NO;
				DEBUG_INFORMATION_FORMAT = "dwarf-with-dsym";
				ENABLE_NS_ASSERTIONS = NO;
				ENABLE_STRICT_OBJC_MSGSEND = YES;
				GCC_C_LANGUAGE_STANDARD = gnu11;
				GCC_NO_COMMON_BLOCKS = YES;
				GCC_WARN_64_TO_32_BIT_CONVERSION = YES;
				GCC_WARN_ABOUT_RETURN_TYPE = YES_ERROR;
				GCC_WARN_UNDECLARED_SELECTOR = YES;
				GCC_WARN_UNINITIALIZED_AUTOS = YES_AGGRESSIVE;
				GCC_WARN_UNUSED_FUNCTION = YES;
				GCC_WARN_UNUSED_VARIABLE = YES;
				IPHONEOS_DEPLOYMENT_TARGET = 13.2;
				MTL_ENABLE_DEBUG_INFO = NO;
				MTL_FAST_MATH = YES;
				SDKROOT = iphoneos;
				SWIFT_COMPILATION_MODE = wholemodule;
				SWIFT_OPTIMIZATION_LEVEL = "-O";
				VALIDATE_PRODUCT = YES;
			};
			name = Release;
		};
		B526DEC623CDE5BB00BF8E91 /* Debug */ = {
			isa = XCBuildConfiguration;
			buildSettings = {
				ASSETCATALOG_COMPILER_APPICON_NAME = AppIcon;
				CODE_SIGN_STYLE = Automatic;
				DEVELOPMENT_TEAM = RYLN77KXTR;
				INFOPLIST_FILE = Make4Comic/Info.plist;
				LD_RUNPATH_SEARCH_PATHS = (
					"$(inherited)",
					"@executable_path/Frameworks",
				);
				PRODUCT_BUNDLE_IDENTIFIER = com.comic.Make4Comic;
				PRODUCT_NAME = "$(TARGET_NAME)";
				SWIFT_VERSION = 5.0;
				TARGETED_DEVICE_FAMILY = "1,2";
			};
			name = Debug;
		};
		B526DEC723CDE5BB00BF8E91 /* Release */ = {
			isa = XCBuildConfiguration;
			buildSettings = {
				ASSETCATALOG_COMPILER_APPICON_NAME = AppIcon;
				CODE_SIGN_STYLE = Automatic;
				DEVELOPMENT_TEAM = RYLN77KXTR;
				INFOPLIST_FILE = Make4Comic/Info.plist;
				LD_RUNPATH_SEARCH_PATHS = (
					"$(inherited)",
					"@executable_path/Frameworks",
				);
				PRODUCT_BUNDLE_IDENTIFIER = com.comic.Make4Comic;
				PRODUCT_NAME = "$(TARGET_NAME)";
				SWIFT_VERSION = 5.0;
				TARGETED_DEVICE_FAMILY = "1,2";
			};
			name = Release;
		};
/* End XCBuildConfiguration section */

/* Begin XCConfigurationList section */
		B526DEAC23CDE5B000BF8E91 /* Build configuration list for PBXProject "Make4Comic" */ = {
			isa = XCConfigurationList;
			buildConfigurations = (
				B526DEC323CDE5BB00BF8E91 /* Debug */,
				B526DEC423CDE5BB00BF8E91 /* Release */,
			);
			defaultConfigurationIsVisible = 0;
			defaultConfigurationName = Release;
		};
		B526DEC523CDE5BB00BF8E91 /* Build configuration list for PBXNativeTarget "Make4Comic" */ = {
			isa = XCConfigurationList;
			buildConfigurations = (
				B526DEC623CDE5BB00BF8E91 /* Debug */,
				B526DEC723CDE5BB00BF8E91 /* Release */,
			);
			defaultConfigurationIsVisible = 0;
			defaultConfigurationName = Release;
		};
/* End XCConfigurationList section */
	};
	rootObject = B526DEA923CDE5B000BF8E91 /* Project object */;
}
